// !$*UTF8*$!
{
	archiveVersion = 1;
	classes = {
	};
	objectVersion = 46;
	objects = {

/* Begin PBXBuildFile section */
		DF2F90221EC13EE4002E10A6 /* GoTViewController.swift in Sources */ = {isa = PBXBuildFile; fileRef = DF2F90211EC13EE4002E10A6 /* GoTViewController.swift */; };
		DF2F90241EC14170002E10A6 /* ReadingStoryViewController.swift in Sources */ = {isa = PBXBuildFile; fileRef = DF2F90231EC14170002E10A6 /* ReadingStoryViewController.swift */; };
		DF2F90261EC14CA9002E10A6 /* ThemeViewController.swift in Sources */ = {isa = PBXBuildFile; fileRef = DF2F90251EC14CA9002E10A6 /* ThemeViewController.swift */; };
		DF2F90281EC14CC0002E10A6 /* GameSettingViewController.swift in Sources */ = {isa = PBXBuildFile; fileRef = DF2F90271EC14CC0002E10A6 /* GameSettingViewController.swift */; };
		DF2F902A1EC151A5002E10A6 /* LoadingViewController.swift in Sources */ = {isa = PBXBuildFile; fileRef = DF2F90291EC151A5002E10A6 /* LoadingViewController.swift */; };
		DF2F902C1EC1F4CE002E10A6 /* GamePlayViewController.swift in Sources */ = {isa = PBXBuildFile; fileRef = DF2F902B1EC1F4CE002E10A6 /* GamePlayViewController.swift */; };
		DF2F902E1EC252E0002E10A6 /* storyListViewController.swift in Sources */ = {isa = PBXBuildFile; fileRef = DF2F902D1EC252E0002E10A6 /* storyListViewController.swift */; };
		DF35872F1EB6AAAF00C28F28 /* AppDelegate.swift in Sources */ = {isa = PBXBuildFile; fileRef = DF35872E1EB6AAAF00C28F28 /* AppDelegate.swift */; };
		DF3587311EB6AAAF00C28F28 /* ViewController.swift in Sources */ = {isa = PBXBuildFile; fileRef = DF3587301EB6AAAF00C28F28 /* ViewController.swift */; };
		DF3587341EB6AAB000C28F28 /* Main.storyboard in Resources */ = {isa = PBXBuildFile; fileRef = DF3587321EB6AAB000C28F28 /* Main.storyboard */; };
		DF3587361EB6AAB000C28F28 /* Assets.xcassets in Resources */ = {isa = PBXBuildFile; fileRef = DF3587351EB6AAB000C28F28 /* Assets.xcassets */; };
		DF3587391EB6AAB000C28F28 /* LaunchScreen.storyboard in Resources */ = {isa = PBXBuildFile; fileRef = DF3587371EB6AAB000C28F28 /* LaunchScreen.storyboard */; };
		DF3587441EB6AAB000C28F28 /* oceanTests.swift in Sources */ = {isa = PBXBuildFile; fileRef = DF3587431EB6AAB000C28F28 /* oceanTests.swift */; };
		DF35874F1EB6AAB000C28F28 /* oceanUITests.swift in Sources */ = {isa = PBXBuildFile; fileRef = DF35874E1EB6AAB000C28F28 /* oceanUITests.swift */; };
		DFA1DBB11EBFD12100BF8A6F /* MainViewController.swift in Sources */ = {isa = PBXBuildFile; fileRef = DFA1DBB01EBFD12100BF8A6F /* MainViewController.swift */; };
/* End PBXBuildFile section */

/* Begin PBXContainerItemProxy section */
		DF3587401EB6AAB000C28F28 /* PBXContainerItemProxy */ = {
			isa = PBXContainerItemProxy;
			containerPortal = DF3587231EB6AAAF00C28F28 /* Project object */;
			proxyType = 1;
			remoteGlobalIDString = DF35872A1EB6AAAF00C28F28;
			remoteInfo = ocean;
		};
		DF35874B1EB6AAB000C28F28 /* PBXContainerItemProxy */ = {
			isa = PBXContainerItemProxy;
			containerPortal = DF3587231EB6AAAF00C28F28 /* Project object */;
			proxyType = 1;
			remoteGlobalIDString = DF35872A1EB6AAAF00C28F28;
			remoteInfo = ocean;
		};
/* End PBXContainerItemProxy section */

/* Begin PBXFileReference section */
		DF2F90211EC13EE4002E10A6 /* GoTViewController.swift */ = {isa = PBXFileReference; fileEncoding = 4; lastKnownFileType = sourcecode.swift; path = GoTViewController.swift; sourceTree = "<group>"; };
		DF2F90231EC14170002E10A6 /* ReadingStoryViewController.swift */ = {isa = PBXFileReference; fileEncoding = 4; lastKnownFileType = sourcecode.swift; path = ReadingStoryViewController.swift; sourceTree = "<group>"; };
		DF2F90251EC14CA9002E10A6 /* ThemeViewController.swift */ = {isa = PBXFileReference; fileEncoding = 4; lastKnownFileType = sourcecode.swift; path = ThemeViewController.swift; sourceTree = "<group>"; };
		DF2F90271EC14CC0002E10A6 /* GameSettingViewController.swift */ = {isa = PBXFileReference; fileEncoding = 4; lastKnownFileType = sourcecode.swift; path = GameSettingViewController.swift; sourceTree = "<group>"; };
		DF2F90291EC151A5002E10A6 /* LoadingViewController.swift */ = {isa = PBXFileReference; fileEncoding = 4; lastKnownFileType = sourcecode.swift; path = LoadingViewController.swift; sourceTree = "<group>"; };
		DF2F902B1EC1F4CE002E10A6 /* GamePlayViewController.swift */ = {isa = PBXFileReference; fileEncoding = 4; lastKnownFileType = sourcecode.swift; path = GamePlayViewController.swift; sourceTree = "<group>"; };
		DF2F902D1EC252E0002E10A6 /* storyListViewController.swift */ = {isa = PBXFileReference; fileEncoding = 4; lastKnownFileType = sourcecode.swift; path = storyListViewController.swift; sourceTree = "<group>"; };
		DF35872B1EB6AAAF00C28F28 /* ocean.app */ = {isa = PBXFileReference; explicitFileType = wrapper.application; includeInIndex = 0; path = ocean.app; sourceTree = BUILT_PRODUCTS_DIR; };
		DF35872E1EB6AAAF00C28F28 /* AppDelegate.swift */ = {isa = PBXFileReference; lastKnownFileType = sourcecode.swift; path = AppDelegate.swift; sourceTree = "<group>"; };
		DF3587301EB6AAAF00C28F28 /* ViewController.swift */ = {isa = PBXFileReference; lastKnownFileType = sourcecode.swift; path = ViewController.swift; sourceTree = "<group>"; };
		DF3587331EB6AAB000C28F28 /* Base */ = {isa = PBXFileReference; lastKnownFileType = file.storyboard; name = Base; path = Base.lproj/Main.storyboard; sourceTree = "<group>"; };
		DF3587351EB6AAB000C28F28 /* Assets.xcassets */ = {isa = PBXFileReference; lastKnownFileType = folder.assetcatalog; path = Assets.xcassets; sourceTree = "<group>"; };
		DF3587381EB6AAB000C28F28 /* Base */ = {isa = PBXFileReference; lastKnownFileType = file.storyboard; name = Base; path = Base.lproj/LaunchScreen.storyboard; sourceTree = "<group>"; };
		DF35873A1EB6AAB000C28F28 /* Info.plist */ = {isa = PBXFileReference; lastKnownFileType = text.plist.xml; path = Info.plist; sourceTree = "<group>"; };
		DF35873F1EB6AAB000C28F28 /* oceanTests.xctest */ = {isa = PBXFileReference; explicitFileType = wrapper.cfbundle; includeInIndex = 0; path = oceanTests.xctest; sourceTree = BUILT_PRODUCTS_DIR; };
		DF3587431EB6AAB000C28F28 /* oceanTests.swift */ = {isa = PBXFileReference; lastKnownFileType = sourcecode.swift; path = oceanTests.swift; sourceTree = "<group>"; };
		DF3587451EB6AAB000C28F28 /* Info.plist */ = {isa = PBXFileReference; lastKnownFileType = text.plist.xml; path = Info.plist; sourceTree = "<group>"; };
		DF35874A1EB6AAB000C28F28 /* oceanUITests.xctest */ = {isa = PBXFileReference; explicitFileType = wrapper.cfbundle; includeInIndex = 0; path = oceanUITests.xctest; sourceTree = BUILT_PRODUCTS_DIR; };
		DF35874E1EB6AAB000C28F28 /* oceanUITests.swift */ = {isa = PBXFileReference; lastKnownFileType = sourcecode.swift; path = oceanUITests.swift; sourceTree = "<group>"; };
		DF3587501EB6AAB000C28F28 /* Info.plist */ = {isa = PBXFileReference; lastKnownFileType = text.plist.xml; path = Info.plist; sourceTree = "<group>"; };
		DFA1DBB01EBFD12100BF8A6F /* MainViewController.swift */ = {isa = PBXFileReference; fileEncoding = 4; lastKnownFileType = sourcecode.swift; path = MainViewController.swift; sourceTree = "<group>"; };
/* End PBXFileReference section */

/* Begin PBXFrameworksBuildPhase section */
		DF3587281EB6AAAF00C28F28 /* Frameworks */ = {
			isa = PBXFrameworksBuildPhase;
			buildActionMask = 2147483647;
			files = (
			);
			runOnlyForDeploymentPostprocessing = 0;
		};
		DF35873C1EB6AAB000C28F28 /* Frameworks */ = {
			isa = PBXFrameworksBuildPhase;
			buildActionMask = 2147483647;
			files = (
			);
			runOnlyForDeploymentPostprocessing = 0;
		};
		DF3587471EB6AAB000C28F28 /* Frameworks */ = {
			isa = PBXFrameworksBuildPhase;
			buildActionMask = 2147483647;
			files = (
			);
			runOnlyForDeploymentPostprocessing = 0;
		};
/* End PBXFrameworksBuildPhase section */

/* Begin PBXGroup section */
		DF3587221EB6AAAF00C28F28 = {
			isa = PBXGroup;
			children = (
				DF35872D1EB6AAAF00C28F28 /* ocean */,
				DF3587421EB6AAB000C28F28 /* oceanTests */,
				DF35874D1EB6AAB000C28F28 /* oceanUITests */,
				DF35872C1EB6AAAF00C28F28 /* Products */,
			);
			sourceTree = "<group>";
		};
		DF35872C1EB6AAAF00C28F28 /* Products */ = {
			isa = PBXGroup;
			children = (
				DF35872B1EB6AAAF00C28F28 /* ocean.app */,
				DF35873F1EB6AAB000C28F28 /* oceanTests.xctest */,
				DF35874A1EB6AAB000C28F28 /* oceanUITests.xctest */,
			);
			name = Products;
			sourceTree = "<group>";
		};
		DF35872D1EB6AAAF00C28F28 /* ocean */ = {
			isa = PBXGroup;
			children = (
				DF35872E1EB6AAAF00C28F28 /* AppDelegate.swift */,
				DF3587301EB6AAAF00C28F28 /* ViewController.swift */,
				DF3587321EB6AAB000C28F28 /* Main.storyboard */,
				DFA1DBB01EBFD12100BF8A6F /* MainViewController.swift */,
				DF3587351EB6AAB000C28F28 /* Assets.xcassets */,
				DF3587371EB6AAB000C28F28 /* LaunchScreen.storyboard */,
				DF35873A1EB6AAB000C28F28 /* Info.plist */,
				DF2F90211EC13EE4002E10A6 /* GoTViewController.swift */,
				DF2F90231EC14170002E10A6 /* ReadingStoryViewController.swift */,
				DF2F90251EC14CA9002E10A6 /* ThemeViewController.swift */,
				DF2F90271EC14CC0002E10A6 /* GameSettingViewController.swift */,
				DF2F90291EC151A5002E10A6 /* LoadingViewController.swift */,
				DF2F902B1EC1F4CE002E10A6 /* GamePlayViewController.swift */,
				DF2F902D1EC252E0002E10A6 /* storyListViewController.swift */,
			);
			path = ocean;
			sourceTree = "<group>";
		};
		DF3587421EB6AAB000C28F28 /* oceanTests */ = {
			isa = PBXGroup;
			children = (
				DF3587431EB6AAB000C28F28 /* oceanTests.swift */,
				DF3587451EB6AAB000C28F28 /* Info.plist */,
			);
			path = oceanTests;
			sourceTree = "<group>";
		};
		DF35874D1EB6AAB000C28F28 /* oceanUITests */ = {
			isa = PBXGroup;
			children = (
				DF35874E1EB6AAB000C28F28 /* oceanUITests.swift */,
				DF3587501EB6AAB000C28F28 /* Info.plist */,
			);
			path = oceanUITests;
			sourceTree = "<group>";
		};
/* End PBXGroup section */

/* Begin PBXNativeTarget section */
		DF35872A1EB6AAAF00C28F28 /* ocean */ = {
			isa = PBXNativeTarget;
			buildConfigurationList = DF3587531EB6AAB000C28F28 /* Build configuration list for PBXNativeTarget "ocean" */;
			buildPhases = (
				DF3587271EB6AAAF00C28F28 /* Sources */,
				DF3587281EB6AAAF00C28F28 /* Frameworks */,
				DF3587291EB6AAAF00C28F28 /* Resources */,
			);
			buildRules = (
			);
			dependencies = (
			);
			name = ocean;
			productName = ocean;
			productReference = DF35872B1EB6AAAF00C28F28 /* ocean.app */;
			productType = "com.apple.product-type.application";
		};
		DF35873E1EB6AAB000C28F28 /* oceanTests */ = {
			isa = PBXNativeTarget;
			buildConfigurationList = DF3587561EB6AAB000C28F28 /* Build configuration list for PBXNativeTarget "oceanTests" */;
			buildPhases = (
				DF35873B1EB6AAB000C28F28 /* Sources */,
				DF35873C1EB6AAB000C28F28 /* Frameworks */,
				DF35873D1EB6AAB000C28F28 /* Resources */,
			);
			buildRules = (
			);
			dependencies = (
				DF3587411EB6AAB000C28F28 /* PBXTargetDependency */,
			);
			name = oceanTests;
			productName = oceanTests;
			productReference = DF35873F1EB6AAB000C28F28 /* oceanTests.xctest */;
			productType = "com.apple.product-type.bundle.unit-test";
		};
		DF3587491EB6AAB000C28F28 /* oceanUITests */ = {
			isa = PBXNativeTarget;
			buildConfigurationList = DF3587591EB6AAB000C28F28 /* Build configuration list for PBXNativeTarget "oceanUITests" */;
			buildPhases = (
				DF3587461EB6AAB000C28F28 /* Sources */,
				DF3587471EB6AAB000C28F28 /* Frameworks */,
				DF3587481EB6AAB000C28F28 /* Resources */,
			);
			buildRules = (
			);
			dependencies = (
				DF35874C1EB6AAB000C28F28 /* PBXTargetDependency */,
			);
			name = oceanUITests;
			productName = oceanUITests;
			productReference = DF35874A1EB6AAB000C28F28 /* oceanUITests.xctest */;
			productType = "com.apple.product-type.bundle.ui-testing";
		};
/* End PBXNativeTarget section */

/* Begin PBXProject section */
		DF3587231EB6AAAF00C28F28 /* Project object */ = {
			isa = PBXProject;
			attributes = {
				LastSwiftUpdateCheck = 0830;
				LastUpgradeCheck = 0830;
				ORGANIZATIONNAME = Lucien;
				TargetAttributes = {
					DF35872A1EB6AAAF00C28F28 = {
						CreatedOnToolsVersion = 8.3;
						DevelopmentTeam = 79C5S7XFFD;
						ProvisioningStyle = Automatic;
					};
					DF35873E1EB6AAB000C28F28 = {
						CreatedOnToolsVersion = 8.3;
						ProvisioningStyle = Automatic;
						TestTargetID = DF35872A1EB6AAAF00C28F28;
					};
					DF3587491EB6AAB000C28F28 = {
						CreatedOnToolsVersion = 8.3;
						ProvisioningStyle = Automatic;
						TestTargetID = DF35872A1EB6AAAF00C28F28;
					};
				};
			};
			buildConfigurationList = DF3587261EB6AAAF00C28F28 /* Build configuration list for PBXProject "ocean" */;
			compatibilityVersion = "Xcode 3.2";
			developmentRegion = English;
			hasScannedForEncodings = 0;
			knownRegions = (
				en,
				Base,
			);
			mainGroup = DF3587221EB6AAAF00C28F28;
			productRefGroup = DF35872C1EB6AAAF00C28F28 /* Products */;
			projectDirPath = "";
			projectRoot = "";
			targets = (
				DF35872A1EB6AAAF00C28F28 /* ocean */,
				DF35873E1EB6AAB000C28F28 /* oceanTests */,
				DF3587491EB6AAB000C28F28 /* oceanUITests */,
			);
		};
/* End PBXProject section */

/* Begin PBXResourcesBuildPhase section */
		DF3587291EB6AAAF00C28F28 /* Resources */ = {
			isa = PBXResourcesBuildPhase;
			buildActionMask = 2147483647;
			files = (
				DF3587391EB6AAB000C28F28 /* LaunchScreen.storyboard in Resources */,
				DF3587361EB6AAB000C28F28 /* Assets.xcassets in Resources */,
				DF3587341EB6AAB000C28F28 /* Main.storyboard in Resources */,
			);
			runOnlyForDeploymentPostprocessing = 0;
		};
		DF35873D1EB6AAB000C28F28 /* Resources */ = {
			isa = PBXResourcesBuildPhase;
			buildActionMask = 2147483647;
			files = (
			);
			runOnlyForDeploymentPostprocessing = 0;
		};
		DF3587481EB6AAB000C28F28 /* Resources */ = {
			isa = PBXResourcesBuildPhase;
			buildActionMask = 2147483647;
			files = (
			);
			runOnlyForDeploymentPostprocessing = 0;
		};
/* End PBXResourcesBuildPhase section */

/* Begin PBXSourcesBuildPhase section */
		DF3587271EB6AAAF00C28F28 /* Sources */ = {
			isa = PBXSourcesBuildPhase;
			buildActionMask = 2147483647;
			files = (
				DF2F90261EC14CA9002E10A6 /* ThemeViewController.swift in Sources */,
				DF2F90241EC14170002E10A6 /* ReadingStoryViewController.swift in Sources */,
				DFA1DBB11EBFD12100BF8A6F /* MainViewController.swift in Sources */,
				DF2F902A1EC151A5002E10A6 /* LoadingViewController.swift in Sources */,
				DF2F90281EC14CC0002E10A6 /* GameSettingViewController.swift in Sources */,
				DF3587311EB6AAAF00C28F28 /* ViewController.swift in Sources */,
				DF2F902E1EC252E0002E10A6 /* storyListViewController.swift in Sources */,
				DF35872F1EB6AAAF00C28F28 /* AppDelegate.swift in Sources */,
				DF2F902C1EC1F4CE002E10A6 /* GamePlayViewController.swift in Sources */,
				DF2F90221EC13EE4002E10A6 /* GoTViewController.swift in Sources */,
			);
			runOnlyForDeploymentPostprocessing = 0;
		};
		DF35873B1EB6AAB000C28F28 /* Sources */ = {
			isa = PBXSourcesBuildPhase;
			buildActionMask = 2147483647;
			files = (
				DF3587441EB6AAB000C28F28 /* oceanTests.swift in Sources */,
			);
			runOnlyForDeploymentPostprocessing = 0;
		};
		DF3587461EB6AAB000C28F28 /* Sources */ = {
			isa = PBXSourcesBuildPhase;
			buildActionMask = 2147483647;
			files = (
				DF35874F1EB6AAB000C28F28 /* oceanUITests.swift in Sources */,
			);
			runOnlyForDeploymentPostprocessing = 0;
		};
/* End PBXSourcesBuildPhase section */

/* Begin PBXTargetDependency section */
		DF3587411EB6AAB000C28F28 /* PBXTargetDependency */ = {
			isa = PBXTargetDependency;
			target = DF35872A1EB6AAAF00C28F28 /* ocean */;
			targetProxy = DF3587401EB6AAB000C28F28 /* PBXContainerItemProxy */;
		};
		DF35874C1EB6AAB000C28F28 /* PBXTargetDependency */ = {
			isa = PBXTargetDependency;
			target = DF35872A1EB6AAAF00C28F28 /* ocean */;
			targetProxy = DF35874B1EB6AAB000C28F28 /* PBXContainerItemProxy */;
		};
/* End PBXTargetDependency section */

/* Begin PBXVariantGroup section */
		DF3587321EB6AAB000C28F28 /* Main.storyboard */ = {
			isa = PBXVariantGroup;
			children = (
				DF3587331EB6AAB000C28F28 /* Base */,
			);
			name = Main.storyboard;
			sourceTree = "<group>";
		};
		DF3587371EB6AAB000C28F28 /* LaunchScreen.storyboard */ = {
			isa = PBXVariantGroup;
			children = (
				DF3587381EB6AAB000C28F28 /* Base */,
			);
			name = LaunchScreen.storyboard;
			sourceTree = "<group>";
		};
/* End PBXVariantGroup section */

/* Begin XCBuildConfiguration section */
		DF3587511EB6AAB000C28F28 /* Debug */ = {
			isa = XCBuildConfiguration;
			buildSettings = {
				ALWAYS_SEARCH_USER_PATHS = NO;
				CLANG_ANALYZER_NONNULL = YES;
				CLANG_ANALYZER_NUMBER_OBJECT_CONVERSION = YES_AGGRESSIVE;
				CLANG_CXX_LANGUAGE_STANDARD = "gnu++0x";
				CLANG_CXX_LIBRARY = "libc++";
				CLANG_ENABLE_MODULES = YES;
				CLANG_ENABLE_OBJC_ARC = YES;
				CLANG_WARN_BOOL_CONVERSION = YES;
				CLANG_WARN_CONSTANT_CONVERSION = YES;
				CLANG_WARN_DIRECT_OBJC_ISA_USAGE = YES_ERROR;
				CLANG_WARN_DOCUMENTATION_COMMENTS = YES;
				CLANG_WARN_EMPTY_BODY = YES;
				CLANG_WARN_ENUM_CONVERSION = YES;
				CLANG_WARN_INFINITE_RECURSION = YES;
				CLANG_WARN_INT_CONVERSION = YES;
				CLANG_WARN_OBJC_ROOT_CLASS = YES_ERROR;
				CLANG_WARN_SUSPICIOUS_MOVE = YES;
				CLANG_WARN_UNREACHABLE_CODE = YES;
				CLANG_WARN__DUPLICATE_METHOD_MATCH = YES;
				"CODE_SIGN_IDENTITY[sdk=iphoneos*]" = "iPhone Developer";
				COPY_PHASE_STRIP = NO;
				DEBUG_INFORMATION_FORMAT = dwarf;
				ENABLE_STRICT_OBJC_MSGSEND = YES;
				ENABLE_TESTABILITY = YES;
				GCC_C_LANGUAGE_STANDARD = gnu99;
				GCC_DYNAMIC_NO_PIC = NO;
				GCC_NO_COMMON_BLOCKS = YES;
				GCC_OPTIMIZATION_LEVEL = 0;
				GCC_PREPROCESSOR_DEFINITIONS = (
					"DEBUG=1",
					"$(inherited)",
				);
				GCC_WARN_64_TO_32_BIT_CONVERSION = YES;
				GCC_WARN_ABOUT_RETURN_TYPE = YES_ERROR;
				GCC_WARN_UNDECLARED_SELECTOR = YES;
				GCC_WARN_UNINITIALIZED_AUTOS = YES_AGGRESSIVE;
				GCC_WARN_UNUSED_FUNCTION = YES;
				GCC_WARN_UNUSED_VARIABLE = YES;
				IPHONEOS_DEPLOYMENT_TARGET = 10.3;
				MTL_ENABLE_DEBUG_INFO = YES;
				ONLY_ACTIVE_ARCH = YES;
				SDKROOT = iphoneos;
				SWIFT_ACTIVE_COMPILATION_CONDITIONS = DEBUG;
				SWIFT_OPTIMIZATION_LEVEL = "-Onone";
			};
			name = Debug;
		};
		DF3587521EB6AAB000C28F28 /* Release */ = {
			isa = XCBuildConfiguration;
			buildSettings = {
				ALWAYS_SEARCH_USER_PATHS = NO;
				CLANG_ANALYZER_NONNULL = YES;
				CLANG_ANALYZER_NUMBER_OBJECT_CONVERSION = YES_AGGRESSIVE;
				CLANG_CXX_LANGUAGE_STANDARD = "gnu++0x";
				CLANG_CXX_LIBRARY = "libc++";
				CLANG_ENABLE_MODULES = YES;
				CLANG_ENABLE_OBJC_ARC = YES;
				CLANG_WARN_BOOL_CONVERSION = YES;
				CLANG_WARN_CONSTANT_CONVERSION = YES;
				CLANG_WARN_DIRECT_OBJC_ISA_USAGE = YES_ERROR;
				CLANG_WARN_DOCUMENTATION_COMMENTS = YES;
				CLANG_WARN_EMPTY_BODY = YES;
				CLANG_WARN_ENUM_CONVERSION = YES;
				CLANG_WARN_INFINITE_RECURSION = YES;
				CLANG_WARN_INT_CONVERSION = YES;
				CLANG_WARN_OBJC_ROOT_CLASS = YES_ERROR;
				CLANG_WARN_SUSPICIOUS_MOVE = YES;
				CLANG_WARN_UNREACHABLE_CODE = YES;
				CLANG_WARN__DUPLICATE_METHOD_MATCH = YES;
				"CODE_SIGN_IDENTITY[sdk=iphoneos*]" = "iPhone Developer";
				COPY_PHASE_STRIP = NO;
				DEBUG_INFORMATION_FORMAT = "dwarf-with-dsym";
				ENABLE_NS_ASSERTIONS = NO;
				ENABLE_STRICT_OBJC_MSGSEND = YES;
				GCC_C_LANGUAGE_STANDARD = gnu99;
				GCC_NO_COMMON_BLOCKS = YES;
				GCC_WARN_64_TO_32_BIT_CONVERSION = YES;
				GCC_WARN_ABOUT_RETURN_TYPE = YES_ERROR;
				GCC_WARN_UNDECLARED_SELECTOR = YES;
				GCC_WARN_UNINITIALIZED_AUTOS = YES_AGGRESSIVE;
				GCC_WARN_UNUSED_FUNCTION = YES;
				GCC_WARN_UNUSED_VARIABLE = YES;
				IPHONEOS_DEPLOYMENT_TARGET = 10.3;
				MTL_ENABLE_DEBUG_INFO = NO;
				SDKROOT = iphoneos;
				SWIFT_OPTIMIZATION_LEVEL = "-Owholemodule";
				VALIDATE_PRODUCT = YES;
			};
			name = Release;
		};
		DF3587541EB6AAB000C28F28 /* Debug */ = {
			isa = XCBuildConfiguration;
			buildSettings = {
				ASSETCATALOG_COMPILER_APPICON_NAME = AppIcon;
				DEVELOPMENT_TEAM = 79C5S7XFFD;
				INFOPLIST_FILE = ocean/Info.plist;
				LD_RUNPATH_SEARCH_PATHS = "$(inherited) @executable_path/Frameworks";
				PRODUCT_BUNDLE_IDENTIFIER = Lucien.ocean;
				PRODUCT_NAME = "$(TARGET_NAME)";
				SWIFT_VERSION = 3.0;
			};
			name = Debug;
		};
		DF3587551EB6AAB000C28F28 /* Release */ = {
			isa = XCBuildConfiguration;
			buildSettings = {
				ASSETCATALOG_COMPILER_APPICON_NAME = AppIcon;
				DEVELOPMENT_TEAM = 79C5S7XFFD;
				INFOPLIST_FILE = ocean/Info.plist;
				LD_RUNPATH_SEARCH_PATHS = "$(inherited) @executable_path/Frameworks";
				PRODUCT_BUNDLE_IDENTIFIER = Lucien.ocean;
				PRODUCT_NAME = "$(TARGET_NAME)";
				SWIFT_VERSION = 3.0;
			};
			name = Release;
		};
		DF3587571EB6AAB000C28F28 /* Debug */ = {
			isa = XCBuildConfiguration;
			buildSettings = {
				ALWAYS_EMBED_SWIFT_STANDARD_LIBRARIES = YES;
				BUNDLE_LOADER = "$(TEST_HOST)";
				INFOPLIST_FILE = oceanTests/Info.plist;
				LD_RUNPATH_SEARCH_PATHS = "$(inherited) @executable_path/Frameworks @loader_path/Frameworks";
				PRODUCT_BUNDLE_IDENTIFIER = Lucien.oceanTests;
				PRODUCT_NAME = "$(TARGET_NAME)";
				SWIFT_VERSION = 3.0;
				TEST_HOST = "$(BUILT_PRODUCTS_DIR)/ocean.app/ocean";
			};
			name = Debug;
		};
		DF3587581EB6AAB000C28F28 /* Release */ = {
			isa = XCBuildConfiguration;
			buildSettings = {
				ALWAYS_EMBED_SWIFT_STANDARD_LIBRARIES = YES;
				BUNDLE_LOADER = "$(TEST_HOST)";
				INFOPLIST_FILE = oceanTests/Info.plist;
				LD_RUNPATH_SEARCH_PATHS = "$(inherited) @executable_path/Frameworks @loader_path/Frameworks";
				PRODUCT_BUNDLE_IDENTIFIER = Lucien.oceanTests;
				PRODUCT_NAME = "$(TARGET_NAME)";
				SWIFT_VERSION = 3.0;
				TEST_HOST = "$(BUILT_PRODUCTS_DIR)/ocean.app/ocean";
			};
			name = Release;
		};
		DF35875A1EB6AAB000C28F28 /* Debug */ = {
			isa = XCBuildConfiguration;
			buildSettings = {
				ALWAYS_EMBED_SWIFT_STANDARD_LIBRARIES = YES;
				INFOPLIST_FILE = oceanUITests/Info.plist;
				LD_RUNPATH_SEARCH_PATHS = "$(inherited) @executable_path/Frameworks @loader_path/Frameworks";
				PRODUCT_BUNDLE_IDENTIFIER = Lucien.oceanUITests;
				PRODUCT_NAME = "$(TARGET_NAME)";
				SWIFT_VERSION = 3.0;
				TEST_TARGET_NAME = ocean;
			};
			name = Debug;
		};
		DF35875B1EB6AAB000C28F28 /* Release */ = {
			isa = XCBuildConfiguration;
			buildSettings = {
				ALWAYS_EMBED_SWIFT_STANDARD_LIBRARIES = YES;
				INFOPLIST_FILE = oceanUITests/Info.plist;
				LD_RUNPATH_SEARCH_PATHS = "$(inherited) @executable_path/Frameworks @loader_path/Frameworks";
				PRODUCT_BUNDLE_IDENTIFIER = Lucien.oceanUITests;
				PRODUCT_NAME = "$(TARGET_NAME)";
				SWIFT_VERSION = 3.0;
				TEST_TARGET_NAME = ocean;
			};
			name = Release;
		};
/* End XCBuildConfiguration section */

/* Begin XCConfigurationList section */
		DF3587261EB6AAAF00C28F28 /* Build configuration list for PBXProject "ocean" */ = {
			isa = XCConfigurationList;
			buildConfigurations = (
				DF3587511EB6AAB000C28F28 /* Debug */,
				DF3587521EB6AAB000C28F28 /* Release */,
			);
			defaultConfigurationIsVisible = 0;
			defaultConfigurationName = Release;
		};
		DF3587531EB6AAB000C28F28 /* Build configuration list for PBXNativeTarget "ocean" */ = {
			isa = XCConfigurationList;
			buildConfigurations = (
				DF3587541EB6AAB000C28F28 /* Debug */,
				DF3587551EB6AAB000C28F28 /* Release */,
			);
			defaultConfigurationIsVisible = 0;
			defaultConfigurationName = Release;
		};
		DF3587561EB6AAB000C28F28 /* Build configuration list for PBXNativeTarget "oceanTests" */ = {
			isa = XCConfigurationList;
			buildConfigurations = (
				DF3587571EB6AAB000C28F28 /* Debug */,
				DF3587581EB6AAB000C28F28 /* Release */,
			);
			defaultConfigurationIsVisible = 0;
			defaultConfigurationName = Release;
		};
		DF3587591EB6AAB000C28F28 /* Build configuration list for PBXNativeTarget "oceanUITests" */ = {
			isa = XCConfigurationList;
			buildConfigurations = (
				DF35875A1EB6AAB000C28F28 /* Debug */,
				DF35875B1EB6AAB000C28F28 /* Release */,
			);
			defaultConfigurationIsVisible = 0;
			defaultConfigurationName = Release;
		};
/* End XCConfigurationList section */
	};
	rootObject = DF3587231EB6AAAF00C28F28 /* Project object */;
}
